{
    "_meta": {
        "hash": {
            "sha256": "ea2bad6edd035750fdeac9fc9bcdf38ad9fc02ba5ac5e84159bad75a6a4f50df"
        },
        "pipfile-spec": 6,
        "requires": {
            "python_version": "3.8"
        },
        "sources": [
            {
                "name": "pypi",
                "url": "https://pypi.org/simple",
                "verify_ssl": true
            }
        ]
    },
    "default": {
        "numpy": {
            "hashes": [
                "sha256:1676b0a292dd3c99e49305a16d7a9f42a4ab60ec522eac0d3dd20cdf362ac010",
                "sha256:16f221035e8bd19b9dc9a57159e38d2dd060b48e93e1d843c49cb370b0f415fd",
                "sha256:43909c8bb289c382170e0282158a38cf306a8ad2ff6dfadc447e90f9961bef43",
                "sha256:4e465afc3b96dbc80cf4a5273e5e2b1e3451286361b4af70ce1adb2984d392f9",
                "sha256:55b745fca0a5ab738647d0e4db099bd0a23279c32b31a783ad2ccea729e632df",
                "sha256:5d050e1e4bc9ddb8656d7b4f414557720ddcca23a5b88dd7cff65e847864c400",
                "sha256:637d827248f447e63585ca3f4a7d2dfaa882e094df6cfa177cc9cf9cd6cdf6d2",
                "sha256:6690080810f77485667bfbff4f69d717c3be25e5b11bb2073e76bb3f578d99b4",
                "sha256:66fbc6fed94a13b9801fb70b96ff30605ab0a123e775a5e7a26938b717c5d71a",
                "sha256:67d44acb72c31a97a3d5d33d103ab06d8ac20770e1c5ad81bdb3f0c086a56cf6",
                "sha256:6ca2b85a5997dabc38301a22ee43c82adcb53ff660b89ee88dded6b33687e1d8",
                "sha256:6e51534e78d14b4a009a062641f465cfaba4fdcb046c3ac0b1f61dd97c861b1b",
                "sha256:70eb5808127284c4e5c9e836208e09d685a7978b6a216db85960b1a112eeace8",
                "sha256:830b044f4e64a76ba71448fce6e604c0fc47a0e54d8f6467be23749ac2cbd2fb",
                "sha256:8b7bb4b9280da3b2856cb1fc425932f46fba609819ee1c62256f61799e6a51d2",
                "sha256:a9c65473ebc342715cb2d7926ff1e202c26376c0dcaaee85a1fd4b8d8c1d3b2f",
                "sha256:c1c09247ccea742525bdb5f4b5ceeacb34f95731647fe55774aa36557dbb5fa4",
                "sha256:c5bf0e132acf7557fc9bb8ded8b53bbbbea8892f3c9a1738205878ca9434206a",
                "sha256:db250fd3e90117e0312b611574cd1b3f78bec046783195075cbd7ba9c3d73f16",
                "sha256:e515c9a93aebe27166ec9593411c58494fa98e5fcc219e47260d9ab8a1cc7f9f",
                "sha256:e55185e51b18d788e49fe8305fd73ef4470596b33fc2c1ceb304566b99c71a69",
                "sha256:ea9cff01e75a956dbee133fa8e5b68f2f92175233de2f88de3a682dd94deda65",
                "sha256:f1452578d0516283c87608a5a5548b0cdde15b99650efdfd85182102ef7a7c17",
                "sha256:f39a995e47cb8649673cfa0579fbdd1cdd33ea497d1728a6cb194d6252268e48"
            ],
            "version": "==1.20.3"
        },
        "pandas": {
            "hashes": [
                "sha256:09e0503758ad61afe81c9069505f8cb8c1e36ea8cc1e6826a95823ef5b327daf",
                "sha256:0a11a6290ef3667575cbd4785a1b62d658c25a2fd70a5adedba32e156a8f1773",
                "sha256:0d9a38a59242a2f6298fff45d09768b78b6eb0c52af5919ea9e45965d7ba56d9",
                "sha256:112c5ba0f9ea0f60b2cc38c25f87ca1d5ca10f71efbee8e0f1bee9cf584ed5d5",
                "sha256:185cf8c8f38b169dbf7001e1a88c511f653fbb9dfa3e048f5e19c38049e991dc",
                "sha256:3aa8e10768c730cc1b610aca688f588831fa70b65a26cb549fbb9f35049a05e0",
                "sha256:41746d520f2b50409dffdba29a15c42caa7babae15616bcf80800d8cfcae3d3e",
                "sha256:43cea38cbcadb900829858884f49745eb1f42f92609d368cabcc674b03e90efc",
                "sha256:5378f58172bd63d8c16dd5d008d7dcdd55bf803fcdbe7da2dcb65dbbf322f05b",
                "sha256:54404abb1cd3f89d01f1fb5350607815326790efb4789be60508f458cdd5ccbf",
                "sha256:5dac3aeaac5feb1016e94bde851eb2012d1733a222b8afa788202b836c97dad5",
                "sha256:5fdb2a61e477ce58d3f1fdf2470ee142d9f0dde4969032edaf0b8f1a9dafeaa2",
                "sha256:6613c7815ee0b20222178ad32ec144061cb07e6a746970c9160af1ebe3ad43b4",
                "sha256:6d2b5b58e7df46b2c010ec78d7fb9ab20abf1d306d0614d3432e7478993fbdb0",
                "sha256:8a5d7e57b9df2c0a9a202840b2881bb1f7a648eba12dd2d919ac07a33a36a97f",
                "sha256:8b4c2055ebd6e497e5ecc06efa5b8aa76f59d15233356eb10dad22a03b757805",
                "sha256:a15653480e5b92ee376f8458197a58cca89a6e95d12cccb4c2d933df5cecc63f",
                "sha256:a7d2547b601ecc9a53fd41561de49a43d2231728ad65c7713d6b616cd02ddbed",
                "sha256:a979d0404b135c63954dea79e6246c45dd45371a88631cdbb4877d844e6de3b6",
                "sha256:b1f8111635700de7ac350b639e7e452b06fc541a328cf6193cf8fc638804bab8",
                "sha256:c5a3597880a7a29a31ebd39b73b2c824316ae63a05c3c8a5ce2aea3fc68afe35",
                "sha256:c681e8fcc47a767bf868341d8f0d76923733cbdcabd6ec3a3560695c69f14a1e",
                "sha256:cf135a08f306ebbcfea6da8bf775217613917be23e5074c69215b91e180caab4",
                "sha256:e2b8557fe6d0a18db4d61c028c6af61bfed44ef90e419ed6fadbdc079eba141e"
            ],
            "index": "pypi",
            "version": "==1.1.4"
        },
        "pymysql": {
            "hashes": [
                "sha256:3943fbbbc1e902f41daf7f9165519f140c4451c179380677e6a848587042561a",
                "sha256:d8c059dcd81dedb85a9f034d5e22dcb4442c0b201908bede99e306d65ea7c8e7"
            ],
            "index": "pypi",
            "version": "==0.9.3"
        },
        "python-dateutil": {
            "hashes": [
                "sha256:73ebfe9dbf22e832286dafa60473e4cd239f8592f699aa5adaf10050e6e1823c",
                "sha256:75bb3f31ea686f1197762692a9ee6a7550b59fc6ca3a1f4b5d7e32fb98e2da2a"
            ],
            "version": "==2.8.1"
        },
        "python-dotenv": {
            "hashes": [
                "sha256:dd8fe852847f4fbfadabf6183ddd4c824a9651f02d51714fa075c95561959c7d",
                "sha256:effaac3c1e58d89b3ccb4d04a40dc7ad6e0275fda25fd75ae9d323e2465e202d"
            ],
            "index": "pypi",
            "version": "==0.18.0"
        },
        "pytz": {
            "hashes": [
                "sha256:83a4a90894bf38e243cf052c8b58f381bfe9a7a483f6a9cab140bc7f702ac4da",
                "sha256:eb10ce3e7736052ed3623d49975ce333bcd712c7bb19a58b9e2089d4057d0798"
            ],
            "version": "==2021.1"
        },
        "six": {
            "hashes": [
                "sha256:1e61c37477a1626458e36f7b1d82aa5c9b094fa4802892072e49de9c60c4c926",
                "sha256:8abb2f1d86890a2dfb989f9a77cfcfd3e47c2a354b01111771326f8aa26e0254"
            ],
            "version": "==1.16.0"
        },
        "sqlalchemy": {
            "hashes": [
                "sha256:128bc917ed20d78143a45024455ff0aed7d3b96772eba13d5dbaf9cc57e5c41b",
                "sha256:156a27548ba4e1fed944ff9fcdc150633e61d350d673ae7baaf6c25c04ac1f71",
                "sha256:27e2efc8f77661c9af2681755974205e7462f1ae126f498f4fe12a8b24761d15",
                "sha256:2a12f8be25b9ea3d1d5b165202181f2b7da4b3395289000284e5bb86154ce87c",
                "sha256:31c043d5211aa0e0773821fcc318eb5cbe2ec916dfbc4c6eea0c5188971988eb",
                "sha256:65eb3b03229f684af0cf0ad3bcc771970c1260a82a791a8d07bffb63d8c95bcc",
                "sha256:6cd157ce74a911325e164441ff2d9b4e244659a25b3146310518d83202f15f7a",
                "sha256:703c002277f0fbc3c04d0ae4989a174753a7554b2963c584ce2ec0cddcf2bc53",
                "sha256:869bbb637de58ab0a912b7f20e9192132f9fbc47fc6b5111cd1e0f6cdf5cf9b0",
                "sha256:8a0e0cd21da047ea10267c37caf12add400a92f0620c8bc09e4a6531a765d6d7",
                "sha256:8d01e949a5d22e5c4800d59b50617c56125fc187fbeb8fa423e99858546de616",
                "sha256:925b4fe5e7c03ed76912b75a9a41dfd682d59c0be43bce88d3b27f7f5ba028fb",
                "sha256:9cb1819008f0225a7c066cac8bb0cf90847b2c4a6eb9ebb7431dbd00c56c06c5",
                "sha256:a87d496884f40c94c85a647c385f4fd5887941d2609f71043e2b73f2436d9c65",
                "sha256:a9030cd30caf848a13a192c5e45367e3c6f363726569a56e75dc1151ee26d859",
                "sha256:a9e75e49a0f1583eee0ce93270232b8e7bb4b1edc89cc70b07600d525aef4f43",
                "sha256:b50f45d0e82b4562f59f0e0ca511f65e412f2a97d790eea5f60e34e5f1aabc9a",
                "sha256:b7878e59ec31f12d54b3797689402ee3b5cfcb5598f2ebf26491732758751908",
                "sha256:ce1ddaadee913543ff0154021d31b134551f63428065168e756d90bdc4c686f5",
                "sha256:ce2646e4c0807f3461be0653502bb48c6e91a5171d6e450367082c79e12868bf",
                "sha256:ce6c3d18b2a8ce364013d47b9cad71db815df31d55918403f8db7d890c9d07ae",
                "sha256:e4e2664232005bd306f878b0f167a31f944a07c4de0152c444f8c61bbe3cfb38",
                "sha256:e8aa395482728de8bdcca9cc0faf3765ab483e81e01923aaa736b42f0294f570",
                "sha256:eb4fcf7105bf071c71068c6eee47499ab8d4b8f5a11fc35147c934f0faa60f23",
                "sha256:ed375a79f06cad285166e5be74745df1ed6845c5624aafadec4b7a29c25866ef",
                "sha256:f35248f7e0d63b234a109dd72fbfb4b5cb6cb6840b221d0df0ecbf54ab087654",
                "sha256:f502ef245c492b391e0e23e94cba030ab91722dcc56963c85bfd7f3441ea2bbe",
                "sha256:fe01bac7226499aedf472c62fa3b85b2c619365f3f14dd222ffe4f3aa91e5f98"
            ],
            "index": "pypi",
            "version": "==1.3.17"
        }
    },
    "develop": {}
}
